// !$*UTF8*$!
{
	archiveVersion = 1;
	classes = {
	};
	objectVersion = 46;
	objects = {

/* Begin PBXBuildFile section */
		D48332EE1CFE2CC000A7A442 /* main.m in Sources */ = {isa = PBXBuildFile; fileRef = D48332ED1CFE2CC000A7A442 /* main.m */; };
		D48332F11CFE2CC000A7A442 /* AppDelegate.m in Sources */ = {isa = PBXBuildFile; fileRef = D48332F01CFE2CC000A7A442 /* AppDelegate.m */; };
		D48332F41CFE2CC000A7A442 /* ViewController.m in Sources */ = {isa = PBXBuildFile; fileRef = D48332F31CFE2CC000A7A442 /* ViewController.m */; };
		D48332F71CFE2CC000A7A442 /* Main.storyboard in Resources */ = {isa = PBXBuildFile; fileRef = D48332F51CFE2CC000A7A442 /* Main.storyboard */; };
		D48332F91CFE2CC000A7A442 /* Assets.xcassets in Resources */ = {isa = PBXBuildFile; fileRef = D48332F81CFE2CC000A7A442 /* Assets.xcassets */; };
		D48332FC1CFE2CC000A7A442 /* LaunchScreen.storyboard in Resources */ = {isa = PBXBuildFile; fileRef = D48332FA1CFE2CC000A7A442 /* LaunchScreen.storyboard */; };
/* End PBXBuildFile section */

/* Begin PBXFileReference section */
		D48332E91CFE2CC000A7A442 /* Hangman.app */ = {isa = PBXFileReference; explicitFileType = wrapper.application; includeInIndex = 0; path = Hangman.app; sourceTree = BUILT_PRODUCTS_DIR; };
		D48332ED1CFE2CC000A7A442 /* main.m */ = {isa = PBXFileReference; lastKnownFileType = sourcecode.c.objc; path = main.m; sourceTree = "<group>"; };
		D48332EF1CFE2CC000A7A442 /* AppDelegate.h */ = {isa = PBXFileReference; lastKnownFileType = sourcecode.c.h; path = AppDelegate.h; sourceTree = "<group>"; };
		D48332F01CFE2CC000A7A442 /* AppDelegate.m */ = {isa = PBXFileReference; lastKnownFileType = sourcecode.c.objc; path = AppDelegate.m; sourceTree = "<group>"; };
		D48332F21CFE2CC000A7A442 /* ViewController.h */ = {isa = PBXFileReference; lastKnownFileType = sourcecode.c.h; path = ViewController.h; sourceTree = "<group>"; };
		D48332F31CFE2CC000A7A442 /* ViewController.m */ = {isa = PBXFileReference; lastKnownFileType = sourcecode.c.objc; path = ViewController.m; sourceTree = "<group>"; };
		D48332F61CFE2CC000A7A442 /* Base */ = {isa = PBXFileReference; lastKnownFileType = file.storyboard; name = Base; path = Base.lproj/Main.storyboard; sourceTree = "<group>"; };
		D48332F81CFE2CC000A7A442 /* Assets.xcassets */ = {isa = PBXFileReference; lastKnownFileType = folder.assetcatalog; path = Assets.xcassets; sourceTree = "<group>"; };
		D48332FB1CFE2CC000A7A442 /* Base */ = {isa = PBXFileReference; lastKnownFileType = file.storyboard; name = Base; path = Base.lproj/LaunchScreen.storyboard; sourceTree = "<group>"; };
		D48332FD1CFE2CC000A7A442 /* Info.plist */ = {isa = PBXFileReference; lastKnownFileType = text.plist.xml; path = Info.plist; sourceTree = "<group>"; };
/* End PBXFileReference section */

/* Begin PBXFrameworksBuildPhase section */
		D48332E61CFE2CC000A7A442 /* Frameworks */ = {
			isa = PBXFrameworksBuildPhase;
			buildActionMask = 2147483647;
			files = (
			);
			runOnlyForDeploymentPostprocessing = 0;
		};
/* End PBXFrameworksBuildPhase section */

/* Begin PBXGroup section */
		D48332E01CFE2CC000A7A442 = {
			isa = PBXGroup;
			children = (
				D48332EB1CFE2CC000A7A442 /* Hangman */,
				D48332EA1CFE2CC000A7A442 /* Products */,
			);
			sourceTree = "<group>";
		};
		D48332EA1CFE2CC000A7A442 /* Products */ = {
			isa = PBXGroup;
			children = (
				D48332E91CFE2CC000A7A442 /* Hangman.app */,
			);
			name = Products;
			sourceTree = "<group>";
		};
		D48332EB1CFE2CC000A7A442 /* Hangman */ = {
			isa = PBXGroup;
			children = (
				D48332EF1CFE2CC000A7A442 /* AppDelegate.h */,
				D48332F01CFE2CC000A7A442 /* AppDelegate.m */,
				D48332F21CFE2CC000A7A442 /* ViewController.h */,
				D48332F31CFE2CC000A7A442 /* ViewController.m */,
				D48332F51CFE2CC000A7A442 /* Main.storyboard */,
				D48332F81CFE2CC000A7A442 /* Assets.xcassets */,
				D48332FA1CFE2CC000A7A442 /* LaunchScreen.storyboard */,
				D48332FD1CFE2CC000A7A442 /* Info.plist */,
				D48332EC1CFE2CC000A7A442 /* Supporting Files */,
			);
			path = Hangman;
			sourceTree = "<group>";
		};
		D48332EC1CFE2CC000A7A442 /* Supporting Files */ = {
			isa = PBXGroup;
			children = (
				D48332ED1CFE2CC000A7A442 /* main.m */,
			);
			name = "Supporting Files";
			sourceTree = "<group>";
		};
/* End PBXGroup section */

/* Begin PBXNativeTarget section */
		D48332E81CFE2CC000A7A442 /* Hangman */ = {
			isa = PBXNativeTarget;
			buildConfigurationList = D48333001CFE2CC000A7A442 /* Build configuration list for PBXNativeTarget "Hangman" */;
			buildPhases = (
				D48332E51CFE2CC000A7A442 /* Sources */,
				D48332E61CFE2CC000A7A442 /* Frameworks */,
				D48332E71CFE2CC000A7A442 /* Resources */,
			);
			buildRules = (
			);
			dependencies = (
			);
			name = Hangman;
			productName = Hangman;
			productReference = D48332E91CFE2CC000A7A442 /* Hangman.app */;
			productType = "com.apple.product-type.application";
		};
/* End PBXNativeTarget section */

/* Begin PBXProject section */
		D48332E11CFE2CC000A7A442 /* Project object */ = {
			isa = PBXProject;
			attributes = {
				LastUpgradeCheck = 0730;
				ORGANIZATIONNAME = "Detroit Labs";
				TargetAttributes = {
					D48332E81CFE2CC000A7A442 = {
						CreatedOnToolsVersion = 7.3.1;
					};
				};
			};
			buildConfigurationList = D48332E41CFE2CC000A7A442 /* Build configuration list for PBXProject "Hangman" */;
			compatibilityVersion = "Xcode 3.2";
			developmentRegion = English;
			hasScannedForEncodings = 0;
			knownRegions = (
				en,
				Base,
			);
			mainGroup = D48332E01CFE2CC000A7A442;
			productRefGroup = D48332EA1CFE2CC000A7A442 /* Products */;
			projectDirPath = "";
			projectRoot = "";
			targets = (
				D48332E81CFE2CC000A7A442 /* Hangman */,
			);
		};
/* End PBXProject section */

/* Begin PBXResourcesBuildPhase section */
		D48332E71CFE2CC000A7A442 /* Resources */ = {
			isa = PBXResourcesBuildPhase;
			buildActionMask = 2147483647;
			files = (
				D48332FC1CFE2CC000A7A442 /* LaunchScreen.storyboard in Resources */,
				D48332F91CFE2CC000A7A442 /* Assets.xcassets in Resources */,
				D48332F71CFE2CC000A7A442 /* Main.storyboard in Resources */,
			);
			runOnlyForDeploymentPostprocessing = 0;
		};
/* End PBXResourcesBuildPhase section */

/* Begin PBXSourcesBuildPhase section */
		D48332E51CFE2CC000A7A442 /* Sources */ = {
			isa = PBXSourcesBuildPhase;
			buildActionMask = 2147483647;
			files = (
				D48332F41CFE2CC000A7A442 /* ViewController.m in Sources */,
				D48332F11CFE2CC000A7A442 /* AppDelegate.m in Sources */,
				D48332EE1CFE2CC000A7A442 /* main.m in Sources */,
			);
			runOnlyForDeploymentPostprocessing = 0;
		};
/* End PBXSourcesBuildPhase section */

/* Begin PBXVariantGroup section */
		D48332F51CFE2CC000A7A442 /* Main.storyboard */ = {
			isa = PBXVariantGroup;
			children = (
				D48332F61CFE2CC000A7A442 /* Base */,
			);
			name = Main.storyboard;
			sourceTree = "<group>";
		};
		D48332FA1CFE2CC000A7A442 /* LaunchScreen.storyboard */ = {
			isa = PBXVariantGroup;
			children = (
				D48332FB1CFE2CC000A7A442 /* Base */,
			);
			name = LaunchScreen.storyboard;
			sourceTree = "<group>";
		};
/* End PBXVariantGroup section */

/* Begin XCBuildConfiguration section */
		D48332FE1CFE2CC000A7A442 /* Debug */ = {
			isa = XCBuildConfiguration;
			buildSettings = {
				ALWAYS_SEARCH_USER_PATHS = NO;
				CLANG_ANALYZER_NONNULL = YES;
				CLANG_CXX_LANGUAGE_STANDARD = "gnu++0x";
				CLANG_CXX_LIBRARY = "libc++";
				CLANG_ENABLE_MODULES = YES;
				CLANG_ENABLE_OBJC_ARC = YES;
				CLANG_WARN_BOOL_CONVERSION = YES;
				CLANG_WARN_CONSTANT_CONVERSION = YES;
				CLANG_WARN_DIRECT_OBJC_ISA_USAGE = YES_ERROR;
				CLANG_WARN_EMPTY_BODY = YES;
				CLANG_WARN_ENUM_CONVERSION = YES;
				CLANG_WARN_INT_CONVERSION = YES;
				CLANG_WARN_OBJC_ROOT_CLASS = YES_ERROR;
				CLANG_WARN_UNREACHABLE_CODE = YES;
				CLANG_WARN__DUPLICATE_METHOD_MATCH = YES;
				"CODE_SIGN_IDENTITY[sdk=iphoneos*]" = "iPhone Developer";
				COPY_PHASE_STRIP = NO;
				DEBUG_INFORMATION_FORMAT = dwarf;
				ENABLE_STRICT_OBJC_MSGSEND = YES;
				ENABLE_TESTABILITY = YES;
				GCC_C_LANGUAGE_STANDARD = gnu99;
				GCC_DYNAMIC_NO_PIC = NO;
				GCC_NO_COMMON_BLOCKS = YES;
				GCC_OPTIMIZATION_LEVEL = 0;
				GCC_PREPROCESSOR_DEFINITIONS = (
					"DEBUG=1",
					"$(inherited)",
				);
				GCC_WARN_64_TO_32_BIT_CONVERSION = YES;
				GCC_WARN_ABOUT_RETURN_TYPE = YES_ERROR;
				GCC_WARN_UNDECLARED_SELECTOR = YES;
				GCC_WARN_UNINITIALIZED_AUTOS = YES_AGGRESSIVE;
				GCC_WARN_UNUSED_FUNCTION = YES;
				GCC_WARN_UNUSED_VARIABLE = YES;
				IPHONEOS_DEPLOYMENT_TARGET = 9.3;
				MTL_ENABLE_DEBUG_INFO = YES;
				ONLY_ACTIVE_ARCH = YES;
				SDKROOT = iphoneos;
			};
			name = Debug;
		};
		D48332FF1CFE2CC000A7A442 /* Release */ = {
			isa = XCBuildConfiguration;
			buildSettings = {
				ALWAYS_SEARCH_USER_PATHS = NO;
				CLANG_ANALYZER_NONNULL = YES;
				CLANG_CXX_LANGUAGE_STANDARD = "gnu++0x";
				CLANG_CXX_LIBRARY = "libc++";
				CLANG_ENABLE_MODULES = YES;
				CLANG_ENABLE_OBJC_ARC = YES;
				CLANG_WARN_BOOL_CONVERSION = YES;
				CLANG_WARN_CONSTANT_CONVERSION = YES;
				CLANG_WARN_DIRECT_OBJC_ISA_USAGE = YES_ERROR;
				CLANG_WARN_EMPTY_BODY = YES;
				CLANG_WARN_ENUM_CONVERSION = YES;
				CLANG_WARN_INT_CONVERSION = YES;
				CLANG_WARN_OBJC_ROOT_CLASS = YES_ERROR;
				CLANG_WARN_UNREACHABLE_CODE = YES;
				CLANG_WARN__DUPLICATE_METHOD_MATCH = YES;
				"CODE_SIGN_IDENTITY[sdk=iphoneos*]" = "iPhone Developer";
				COPY_PHASE_STRIP = NO;
				DEBUG_INFORMATION_FORMAT = "dwarf-with-dsym";
				ENABLE_NS_ASSERTIONS = NO;
				ENABLE_STRICT_OBJC_MSGSEND = YES;
				GCC_C_LANGUAGE_STANDARD = gnu99;
				GCC_NO_COMMON_BLOCKS = YES;
				GCC_WARN_64_TO_32_BIT_CONVERSION = YES;
				GCC_WARN_ABOUT_RETURN_TYPE = YES_ERROR;
				GCC_WARN_UNDECLARED_SELECTOR = YES;
				GCC_WARN_UNINITIALIZED_AUTOS = YES_AGGRESSIVE;
				GCC_WARN_UNUSED_FUNCTION = YES;
				GCC_WARN_UNUSED_VARIABLE = YES;
				IPHONEOS_DEPLOYMENT_TARGET = 9.3;
				MTL_ENABLE_DEBUG_INFO = NO;
				SDKROOT = iphoneos;
				VALIDATE_PRODUCT = YES;
			};
			name = Release;
		};
		D48333011CFE2CC000A7A442 /* Debug */ = {
			isa = XCBuildConfiguration;
			buildSettings = {
				ASSETCATALOG_COMPILER_APPICON_NAME = AppIcon;
				INFOPLIST_FILE = Hangman/Info.plist;
				LD_RUNPATH_SEARCH_PATHS = "$(inherited) @executable_path/Frameworks";
				PRODUCT_BUNDLE_IDENTIFIER = com.detroitlabs.Hangman;
				PRODUCT_NAME = "$(TARGET_NAME)";
			};
			name = Debug;
		};
		D48333021CFE2CC000A7A442 /* Release */ = {
			isa = XCBuildConfiguration;
			buildSettings = {
				ASSETCATALOG_COMPILER_APPICON_NAME = AppIcon;
				INFOPLIST_FILE = Hangman/Info.plist;
				LD_RUNPATH_SEARCH_PATHS = "$(inherited) @executable_path/Frameworks";
				PRODUCT_BUNDLE_IDENTIFIER = com.detroitlabs.Hangman;
				PRODUCT_NAME = "$(TARGET_NAME)";
			};
			name = Release;
		};
/* End XCBuildConfiguration section */

/* Begin XCConfigurationList section */
		D48332E41CFE2CC000A7A442 /* Build configuration list for PBXProject "Hangman" */ = {
			isa = XCConfigurationList;
			buildConfigurations = (
				D48332FE1CFE2CC000A7A442 /* Debug */,
				D48332FF1CFE2CC000A7A442 /* Release */,
			);
			defaultConfigurationIsVisible = 0;
			defaultConfigurationName = Release;
		};
		D48333001CFE2CC000A7A442 /* Build configuration list for PBXNativeTarget "Hangman" */ = {
			isa = XCConfigurationList;
			buildConfigurations = (
				D48333011CFE2CC000A7A442 /* Debug */,
				D48333021CFE2CC000A7A442 /* Release */,
			);
			defaultConfigurationIsVisible = 0;
		};
/* End XCConfigurationList section */
	};
	rootObject = D48332E11CFE2CC000A7A442 /* Project object */;
}
